
Microsoft Visual Studio Solution File, Format Version 12.00
# Visual Studio Version 16
VisualStudioVersion = 16.0.33920.266
MinimumVisualStudioVersion = 10.0.40219.1
Project("{8BC9CEB8-8B4A-11D0-8D11-00A0C91BC942}") = "qgis_umesh", "packages\qgis_umesh.vcxproj", "{3C0EC403-C128-496D-B683-08C131CFA609}"
EndProject
Project("{8BC9CEB8-8B4A-11D0-8D11-00A0C91BC942}") = "sgrid_ugrid", "sgrid_ugrid\sgrid_ugrid.vcxproj", "{EA7BC6D3-51F9-4327-91DF-AF89D3C4A148}"
EndProject
Project("{8BC9CEB8-8B4A-11D0-8D11-00A0C91BC942}") = "sgrid_ugrid_api", "sgrid_ugrid_api\sgrid_ugrid_api.vcxproj", "{C73B38F2-03EA-42FF-BA7F-FEBE14B00623}"
	ProjectSection(ProjectDependencies) = postProject
		{EA7BC6D3-51F9-4327-91DF-AF89D3C4A148} = {EA7BC6D3-51F9-4327-91DF-AF89D3C4A148}
	EndProjectSection
EndProject
Project("{8BC9CEB8-8B4A-11D0-8D11-00A0C91BC942}") = "cfts_history", "cfts_history\cfts_history.vcxproj", "{3FFCDAA6-BE93-48C7-B2FC-C73CD23C76F0}"
EndProject
Project("{8BC9CEB8-8B4A-11D0-8D11-00A0C91BC942}") = "cfts_history_api", "cfts_history_api\cfts_history_api.vcxproj", "{7FC690C6-0C0A-4F83-91E0-AA56B431608A}"
	ProjectSection(ProjectDependencies) = postProject
		{3FFCDAA6-BE93-48C7-B2FC-C73CD23C76F0} = {3FFCDAA6-BE93-48C7-B2FC-C73CD23C76F0}
	EndProjectSection
EndProject
Global
	GlobalSection(SolutionConfigurationPlatforms) = preSolution
		Debug|x64 = Debug|x64
		Debug|x86 = Debug|x86
		Release|x64 = Release|x64
		Release|x86 = Release|x86
	EndGlobalSection
	GlobalSection(ProjectConfigurationPlatforms) = postSolution
		{3C0EC403-C128-496D-B683-08C131CFA609}.Debug|x64.ActiveCfg = Debug|x64
		{3C0EC403-C128-496D-B683-08C131CFA609}.Debug|x64.Build.0 = Debug|x64
		{3C0EC403-C128-496D-B683-08C131CFA609}.Debug|x86.ActiveCfg = Debug|x64
		{3C0EC403-C128-496D-B683-08C131CFA609}.Release|x64.ActiveCfg = Release|x64
		{3C0EC403-C128-496D-B683-08C131CFA609}.Release|x64.Build.0 = Release|x64
		{3C0EC403-C128-496D-B683-08C131CFA609}.Release|x86.ActiveCfg = Release|x64
		{EA7BC6D3-51F9-4327-91DF-AF89D3C4A148}.Debug|x64.ActiveCfg = Debug|x64
		{EA7BC6D3-51F9-4327-91DF-AF89D3C4A148}.Debug|x64.Build.0 = Debug|x64
		{EA7BC6D3-51F9-4327-91DF-AF89D3C4A148}.Debug|x86.ActiveCfg = Debug|Win32
		{EA7BC6D3-51F9-4327-91DF-AF89D3C4A148}.Debug|x86.Build.0 = Debug|Win32
		{EA7BC6D3-51F9-4327-91DF-AF89D3C4A148}.Release|x64.ActiveCfg = Release|x64
		{EA7BC6D3-51F9-4327-91DF-AF89D3C4A148}.Release|x64.Build.0 = Release|x64
		{EA7BC6D3-51F9-4327-91DF-AF89D3C4A148}.Release|x86.ActiveCfg = Release|Win32
		{EA7BC6D3-51F9-4327-91DF-AF89D3C4A148}.Release|x86.Build.0 = Release|Win32
		{C73B38F2-03EA-42FF-BA7F-FEBE14B00623}.Debug|x64.ActiveCfg = Debug|x64
		{C73B38F2-03EA-42FF-BA7F-FEBE14B00623}.Debug|x64.Build.0 = Debug|x64
		{C73B38F2-03EA-42FF-BA7F-FEBE14B00623}.Debug|x86.ActiveCfg = Debug|Win32
		{C73B38F2-03EA-42FF-BA7F-FEBE14B00623}.Debug|x86.Build.0 = Debug|Win32
		{C73B38F2-03EA-42FF-BA7F-FEBE14B00623}.Release|x64.ActiveCfg = Release|x64
		{C73B38F2-03EA-42FF-BA7F-FEBE14B00623}.Release|x64.Build.0 = Release|x64
		{C73B38F2-03EA-42FF-BA7F-FEBE14B00623}.Release|x86.ActiveCfg = Release|Win32
		{C73B38F2-03EA-42FF-BA7F-FEBE14B00623}.Release|x86.Build.0 = Release|Win32
		{3FFCDAA6-BE93-48C7-B2FC-C73CD23C76F0}.Debug|x64.ActiveCfg = Debug|x64
		{3FFCDAA6-BE93-48C7-B2FC-C73CD23C76F0}.Debug|x64.Build.0 = Debug|x64
		{3FFCDAA6-BE93-48C7-B2FC-C73CD23C76F0}.Debug|x86.ActiveCfg = Debug|Win32
		{3FFCDAA6-BE93-48C7-B2FC-C73CD23C76F0}.Debug|x86.Build.0 = Debug|Win32
		{3FFCDAA6-BE93-48C7-B2FC-C73CD23C76F0}.Release|x64.ActiveCfg = Release|x64
		{3FFCDAA6-BE93-48C7-B2FC-C73CD23C76F0}.Release|x64.Build.0 = Release|x64
		{3FFCDAA6-BE93-48C7-B2FC-C73CD23C76F0}.Release|x86.ActiveCfg = Release|Win32
		{3FFCDAA6-BE93-48C7-B2FC-C73CD23C76F0}.Release|x86.Build.0 = Release|Win32
		{7FC690C6-0C0A-4F83-91E0-AA56B431608A}.Debug|x64.ActiveCfg = Debug|x64
		{7FC690C6-0C0A-4F83-91E0-AA56B431608A}.Debug|x64.Build.0 = Debug|x64
		{7FC690C6-0C0A-4F83-91E0-AA56B431608A}.Debug|x86.ActiveCfg = Debug|Win32
		{7FC690C6-0C0A-4F83-91E0-AA56B431608A}.Debug|x86.Build.0 = Debug|Win32
		{7FC690C6-0C0A-4F83-91E0-AA56B431608A}.Release|x64.ActiveCfg = Release|x64
		{7FC690C6-0C0A-4F83-91E0-AA56B431608A}.Release|x64.Build.0 = Release|x64
		{7FC690C6-0C0A-4F83-91E0-AA56B431608A}.Release|x86.ActiveCfg = Release|Win32
		{7FC690C6-0C0A-4F83-91E0-AA56B431608A}.Release|x86.Build.0 = Release|Win32
	EndGlobalSection
	GlobalSection(SolutionProperties) = preSolution
		HideSolutionNode = FALSE
	EndGlobalSection
	GlobalSection(ExtensibilityGlobals) = postSolution
		SolutionGuid = {3252636B-AFA4-48B6-B32F-1A154688706E}
		Qt5Version = Qt5.12.6
	EndGlobalSection
EndGlobal
