<?xml version="1.0" encoding="utf-8"?>
<Project ToolsVersion="4.0" xmlns="http://schemas.microsoft.com/developer/msbuild/2003">
  <ItemGroup>
    <Filter Include="Source Files">
      <UniqueIdentifier>{25c350a6-0aeb-48ee-934a-5dadd286355b}</UniqueIdentifier>
    </Filter>
    <Filter Include="Generated Files">
      <UniqueIdentifier>{7cbf9372-ace8-4403-8deb-8ea6c3ecad06}</UniqueIdentifier>
    </Filter>
    <Filter Include="Header Files">
      <UniqueIdentifier>{11a2f30d-80fd-4c51-8e70-bcc520ad843a}</UniqueIdentifier>
    </Filter>
  </ItemGroup>
  <ItemGroup>
    <ClCompile Include="generated\moc_qgis_umesh.cpp">
      <Filter>Generated Files</Filter>
    </ClCompile>
    <ClCompile Include="src\qgis_umesh.cpp">
      <Filter>Source Files</Filter>
    </ClCompile>
    <ClCompile Include="generated\moc_MyEditTool.cpp">
      <Filter>Generated Files</Filter>
    </ClCompile>
    <ClCompile Include="src\MyEditTool.cpp">
      <Filter>Source Files</Filter>
    </ClCompile>
    <ClCompile Include="src\ugrid.cpp">
      <Filter>Source Files</Filter>
    </ClCompile>
    <ClCompile Include="src\qgis_umesh_version.cpp">
      <Filter>Source Files</Filter>
    </ClCompile>
    <ClCompile Include="src\map_time_manager_window.cpp">
      <Filter>Source Files</Filter>
    </ClCompile>
    <ClCompile Include="generated\moc_map_time_manager_window.cpp">
      <Filter>Generated Files</Filter>
    </ClCompile>
    <ClCompile Include="src\MyDrawingCanvas.cpp">
      <Filter>Source Files</Filter>
    </ClCompile>
    <ClCompile Include="generated\moc_MyDrawingCanvas.cpp">
      <Filter>Generated Files</Filter>
    </ClCompile>
    <ClCompile Include="generated\moc_my_date_time_edit.cpp">
      <Filter>Generated Files</Filter>
    </ClCompile>
    <ClCompile Include="src\my_date_time_edit.cpp">
      <Filter>Source Files</Filter>
    </ClCompile>
    <ClCompile Include="generated\moc_QColorRampEditor.cpp">
      <Filter>Generated Files</Filter>
    </ClCompile>
    <ClCompile Include="src\QColorRampEditor.cpp">
      <Filter>Source Files</Filter>
    </ClCompile>
    <ClCompile Include="src\map_property.cpp">
      <Filter>Source Files</Filter>
    </ClCompile>
    <ClCompile Include="generated\moc_map_property.cpp">
      <Filter>Generated Files</Filter>
    </ClCompile>
    <ClCompile Include="src\map_property_window.cpp">
      <Filter>Source Files</Filter>
    </ClCompile>
    <ClCompile Include="generated\moc_map_property_window.cpp">
      <Filter>Generated Files</Filter>
    </ClCompile>
    <ClCompile Include="src\his_cf.cpp">
      <Filter>Source Files</Filter>
    </ClCompile>
    <ClCompile Include="src\read_json.cpp">
      <Filter>Source Files</Filter>
    </ClCompile>
    <ClCompile Include="src\edit_observation_points_window.cpp">
      <Filter>Source Files</Filter>
    </ClCompile>
    <ClCompile Include="generated\moc_edit_observation_points_window.cpp">
      <Filter>Generated Files</Filter>
    </ClCompile>
  </ItemGroup>
  <ItemGroup>
    <CustomBuild Include="include\qgis_umesh.h">
      <Filter>Header Files</Filter>
    </CustomBuild>
    <CustomBuild Include="include\map_time_manager_window.h">
      <Filter>Header Files</Filter>
    </CustomBuild>
    <CustomBuild Include="include\MyEditTool.h">
      <Filter>Header Files</Filter>
    </CustomBuild>
    <CustomBuild Include="include\MyDrawingCanvas.h">
      <Filter>Header Files</Filter>
    </CustomBuild>
    <CustomBuild Include="include\QColorRampEditor.h">
      <Filter>Header Files</Filter>
    </CustomBuild>
    <CustomBuild Include="include\my_date_time_edit.h">
      <Filter>Header Files</Filter>
    </CustomBuild>
    <CustomBuild Include="include\map_property.h">
      <Filter>Header Files</Filter>
    </CustomBuild>
    <CustomBuild Include="include\map_property_window.h">
      <Filter>Header Files</Filter>
    </CustomBuild>
  </ItemGroup>
  <ItemGroup>
    <ClInclude Include="include\netcdf.h">
      <Filter>Header Files</Filter>
    </ClInclude>
    <ClInclude Include="include\ugrid.h">
      <Filter>Header Files</Filter>
    </ClInclude>
    <ClInclude Include="include\AbstractCanvas.h">
      <Filter>Header Files</Filter>
    </ClInclude>
    <ClInclude Include="include\AbstractCanvasListener.h">
      <Filter>Header Files</Filter>
    </ClInclude>
    <ClInclude Include="include\his_cf.h">
      <Filter>Header Files</Filter>
    </ClInclude>
    <ClInclude Include="include\data_struct.h">
      <Filter>Header Files</Filter>
    </ClInclude>
    <ClInclude Include="include\read_json.h">
      <Filter>Header Files</Filter>
    </ClInclude>
    <ClInclude Include="include\edit_observation_points_window.h">
      <Filter>Header Files</Filter>
    </ClInclude>
  </ItemGroup>
  <ItemGroup>
    <None Include="include\version_number.ini">
      <Filter>Header Files</Filter>
    </None>
  </ItemGroup>
</Project>